{
  "name": "activitytracker",
  "version": "1.0.0",
  "lockfileVersion": 3,
  "requires": true,
  "packages": {
    "": {
      "name": "activitytracker",
      "version": "1.0.0",
      "license": "ISC",
      "dependencies": {
        "tracker": "file:../tracker/tracker-0.1.4.tgz"
      }
    },
    "node_modules/tracker": {
      "version": "0.1.4",
      "resolved": "file:../tracker/tracker-0.1.4.tgz",
      "integrity": "sha512-cvcwAEktsH2XKehPisZj9cjTSR+HCg4NWxupT5yFJSmzRgDcaFyMfILjJOF+Faot/XZWTMgLQ8fRZy+DTQUqJQ==",
      "engines": {
        "node": "*"
      }
    }
  }
}
